GEM
  specs:
    github-pages (232)
      github-pages-health-check (= 1.17.10)
      jekyll (= 3.9.3)
      jekyll-include-cache (= 0.2.1)
      jekyll-feed (= 0.17.0)
      jekyll-seo-tag (= 2.8.0)
      jekyll-sitemap (= 1.4.0)
      kramdown-parser-gfm (= 1.1.0)
      liquid (= 4.0.3)

PLATFORMS
  ruby

DEPENDENCIES
  github-pages
  jekyll-include-cache

BUNDLED WITH
   2.3.26
